
Microsoft Visual Studio Solution File, Format Version 12.00
# Visual Studio Version 16
VisualStudioVersion = 16.0.29418.71
MinimumVisualStudioVersion = 10.0.40219.1
Project("{9A19103F-16F7-4668-BE54-9A1E7A4F7556}") = "Fakiumdotcom.Api", "Fakiumdotcom.Api\Fakiumdotcom.Api.csproj", "{EDF5B565-B49E-4CF2-A1CA-C39C32DF0013}"
EndProject
Project("{FAE04EC0-301F-11D3-BF4B-00C04F79EFBC}") = "Fakiumdotcom.Client", "Fakiumdotcom.Client\Fakiumdotcom.Client.csproj", "{B60899EF-ABE6-4CD8-9BEF-69C5B11FB8A9}"
EndProject
Global
	GlobalSection(SolutionConfigurationPlatforms) = preSolution
		Debug|Any CPU = Debug|Any CPU
		Release|Any CPU = Release|Any CPU
	EndGlobalSection
	GlobalSection(ProjectConfigurationPlatforms) = postSolution
		{EDF5B565-B49E-4CF2-A1CA-C39C32DF0013}.Debug|Any CPU.ActiveCfg = Debug|Any CPU
		{EDF5B565-B49E-4CF2-A1CA-C39C32DF0013}.Debug|Any CPU.Build.0 = Debug|Any CPU
		{EDF5B565-B49E-4CF2-A1CA-C39C32DF0013}.Release|Any CPU.ActiveCfg = Release|Any CPU
		{EDF5B565-B49E-4CF2-A1CA-C39C32DF0013}.Release|Any CPU.Build.0 = Release|Any CPU
		{B60899EF-ABE6-4CD8-9BEF-69C5B11FB8A9}.Debug|Any CPU.ActiveCfg = Debug|Any CPU
		{B60899EF-ABE6-4CD8-9BEF-69C5B11FB8A9}.Debug|Any CPU.Build.0 = Debug|Any CPU
		{B60899EF-ABE6-4CD8-9BEF-69C5B11FB8A9}.Release|Any CPU.ActiveCfg = Release|Any CPU
		{B60899EF-ABE6-4CD8-9BEF-69C5B11FB8A9}.Release|Any CPU.Build.0 = Release|Any CPU
	EndGlobalSection
	GlobalSection(SolutionProperties) = preSolution
		HideSolutionNode = FALSE
	EndGlobalSection
	GlobalSection(ExtensibilityGlobals) = postSolution
		SolutionGuid = {4B3A5555-6EA0-4049-B781-95B022BCA09D}
	EndGlobalSection
EndGlobal
